
Microsoft Visual Studio Solution File, Format Version 12.00
# Visual Studio Version 16
VisualStudioVersion = 16.0.29326.143
MinimumVisualStudioVersion = 10.0.40219.1
Project("{9A19103F-16F7-4668-BE54-9A1E7A4F7556}") = "GDS.Core", "GDS.Core\GDS.Core.csproj", "{41BAE23D-5110-4D17-821F-ED4441C15D57}"
EndProject
Project("{2150E333-8FDC-42A3-9474-1A3956D46DE8}") = "Cores", "Cores", "{30FFEFE1-B1C2-4CD1-8B1F-FCC816DCFD1B}"
EndProject
Project("{2150E333-8FDC-42A3-9474-1A3956D46DE8}") = "Data", "Data", "{07403E90-4495-4BE2-BF7D-B984B2F506D6}"
EndProject
Project("{9A19103F-16F7-4668-BE54-9A1E7A4F7556}") = "GDS.Data.Mobile", "GDS.Data.Mobile\GDS.Data.Mobile.csproj", "{CA2E13E9-3E2B-4E64-8E75-593345526D37}"
EndProject
Project("{2150E333-8FDC-42A3-9474-1A3956D46DE8}") = "Mobile", "Mobile", "{E27B890F-83EA-4BC4-B686-FBCAE0E28E7F}"
EndProject
Project("{FAE04EC0-301F-11D3-BF4B-00C04F79EFBC}") = "GDS.Mobile.UWP", "GDS.Mobile\GDS.Mobile.UWP\GDS.Mobile.UWP.csproj", "{20B16A77-811A-4DF8-917C-716D673A55B7}"
EndProject
Project("{FAE04EC0-301F-11D3-BF4B-00C04F79EFBC}") = "GDS.Mobile.Android", "GDS.Mobile\GDS.Mobile.Android\GDS.Mobile.Android.csproj", "{535FC799-429C-4249-82C3-78C39B9A6E91}"
EndProject
Project("{FAE04EC0-301F-11D3-BF4B-00C04F79EFBC}") = "GDS.Mobile.iOS", "GDS.Mobile\GDS.Mobile.iOS\GDS.Mobile.iOS.csproj", "{E614B116-5FB9-4613-9C59-734D336A51C4}"
EndProject
Project("{9A19103F-16F7-4668-BE54-9A1E7A4F7556}") = "GDS.Mobile", "GDS.Mobile\GDS.Mobile\GDS.Mobile.csproj", "{4DDCAC92-4699-4D24-8802-3F8BEFC56D2E}"
EndProject
Project("{2150E333-8FDC-42A3-9474-1A3956D46DE8}") = "Web", "Web", "{7998922B-A147-41A0-89FA-353BC461147F}"
EndProject
Project("{9A19103F-16F7-4668-BE54-9A1E7A4F7556}") = "GDS.Web", "GDS.Web\GDS.Web.csproj", "{2DEBAA6F-6DEA-449E-A876-61A0EFF41402}"
EndProject
Project("{9A19103F-16F7-4668-BE54-9A1E7A4F7556}") = "GDS.Data.EF", "GDS.Data.EF\GDS.Data.EF.csproj", "{D5D5F686-5970-4EDA-8B9C-FDF267CFA781}"
EndProject
Project("{2150E333-8FDC-42A3-9474-1A3956D46DE8}") = "Services", "Services", "{2B847394-D839-4851-A460-D126EE689305}"
EndProject
Project("{9A19103F-16F7-4668-BE54-9A1E7A4F7556}") = "GDS.Web.API", "GDS.Web.API\GDS.Web.API.csproj", "{9926BD4B-9F93-460F-AD7B-DDB4180894AE}"
EndProject
Project("{2150E333-8FDC-42A3-9474-1A3956D46DE8}") = "Tests", "Tests", "{984E2B1E-A922-41F7-BF1F-80B44093C01F}"
EndProject
Project("{9A19103F-16F7-4668-BE54-9A1E7A4F7556}") = "GDS.Core.Mobile", "GDS.Core.Mobile\GDS.Core.Mobile.csproj", "{FA826B85-2CD7-4EA9-A19B-D9D1ABBE63BD}"
EndProject
Project("{FAE04EC0-301F-11D3-BF4B-00C04F79EFBC}") = "GDS.Mobile.UI.Tests", "GDS.Mobile.UI.Tests\GDS.Mobile.UI.Tests.csproj", "{A854A851-9EBC-4EDD-9B5D-DBD50560C636}"
EndProject
Project("{2150E333-8FDC-42A3-9474-1A3956D46DE8}") = "Utils", "Utils", "{3E5C710C-C970-47DF-9050-CC8DF4F5ECEE}"
EndProject
Project("{FAE04EC0-301F-11D3-BF4B-00C04F79EFBC}") = "SQLiteConverter", "SQLiteConverter\SQLiteConverter.csproj", "{F08E2BD1-A84F-4D2B-BB69-B629809210B1}"
EndProject
Project("{2150E333-8FDC-42A3-9474-1A3956D46DE8}") = "Libraries", "Libraries", "{6B5D45E4-F336-401B-A856-ECC5079F9D11}"
EndProject
Global
	GlobalSection(SolutionConfigurationPlatforms) = preSolution
		Debug|Any CPU = Debug|Any CPU
		Debug|ARM = Debug|ARM
		Debug|ARM64 = Debug|ARM64
		Debug|iPhone = Debug|iPhone
		Debug|iPhoneSimulator = Debug|iPhoneSimulator
		Debug|x64 = Debug|x64
		Debug|x86 = Debug|x86
		Release|Any CPU = Release|Any CPU
		Release|ARM = Release|ARM
		Release|ARM64 = Release|ARM64
		Release|iPhone = Release|iPhone
		Release|iPhoneSimulator = Release|iPhoneSimulator
		Release|x64 = Release|x64
		Release|x86 = Release|x86
	EndGlobalSection
	GlobalSection(ProjectConfigurationPlatforms) = postSolution
		{41BAE23D-5110-4D17-821F-ED4441C15D57}.Debug|Any CPU.ActiveCfg = Debug|Any CPU
		{41BAE23D-5110-4D17-821F-ED4441C15D57}.Debug|Any CPU.Build.0 = Debug|Any CPU
		{41BAE23D-5110-4D17-821F-ED4441C15D57}.Debug|ARM.ActiveCfg = Debug|Any CPU
		{41BAE23D-5110-4D17-821F-ED4441C15D57}.Debug|ARM.Build.0 = Debug|Any CPU
		{41BAE23D-5110-4D17-821F-ED4441C15D57}.Debug|ARM64.ActiveCfg = Debug|Any CPU
		{41BAE23D-5110-4D17-821F-ED4441C15D57}.Debug|ARM64.Build.0 = Debug|Any CPU
		{41BAE23D-5110-4D17-821F-ED4441C15D57}.Debug|iPhone.ActiveCfg = Debug|Any CPU
		{41BAE23D-5110-4D17-821F-ED4441C15D57}.Debug|iPhone.Build.0 = Debug|Any CPU
		{41BAE23D-5110-4D17-821F-ED4441C15D57}.Debug|iPhoneSimulator.ActiveCfg = Debug|Any CPU
		{41BAE23D-5110-4D17-821F-ED4441C15D57}.Debug|iPhoneSimulator.Build.0 = Debug|Any CPU
		{41BAE23D-5110-4D17-821F-ED4441C15D57}.Debug|x64.ActiveCfg = Debug|Any CPU
		{41BAE23D-5110-4D17-821F-ED4441C15D57}.Debug|x64.Build.0 = Debug|Any CPU
		{41BAE23D-5110-4D17-821F-ED4441C15D57}.Debug|x86.ActiveCfg = Debug|Any CPU
		{41BAE23D-5110-4D17-821F-ED4441C15D57}.Debug|x86.Build.0 = Debug|Any CPU
		{41BAE23D-5110-4D17-821F-ED4441C15D57}.Release|Any CPU.ActiveCfg = Release|Any CPU
		{41BAE23D-5110-4D17-821F-ED4441C15D57}.Release|Any CPU.Build.0 = Release|Any CPU
		{41BAE23D-5110-4D17-821F-ED4441C15D57}.Release|ARM.ActiveCfg = Release|Any CPU
		{41BAE23D-5110-4D17-821F-ED4441C15D57}.Release|ARM.Build.0 = Release|Any CPU
		{41BAE23D-5110-4D17-821F-ED4441C15D57}.Release|ARM64.ActiveCfg = Release|Any CPU
		{41BAE23D-5110-4D17-821F-ED4441C15D57}.Release|ARM64.Build.0 = Release|Any CPU
		{41BAE23D-5110-4D17-821F-ED4441C15D57}.Release|iPhone.ActiveCfg = Release|Any CPU
		{41BAE23D-5110-4D17-821F-ED4441C15D57}.Release|iPhone.Build.0 = Release|Any CPU
		{41BAE23D-5110-4D17-821F-ED4441C15D57}.Release|iPhoneSimulator.ActiveCfg = Release|Any CPU
		{41BAE23D-5110-4D17-821F-ED4441C15D57}.Release|iPhoneSimulator.Build.0 = Release|Any CPU
		{41BAE23D-5110-4D17-821F-ED4441C15D57}.Release|x64.ActiveCfg = Release|Any CPU
		{41BAE23D-5110-4D17-821F-ED4441C15D57}.Release|x64.Build.0 = Release|Any CPU
		{41BAE23D-5110-4D17-821F-ED4441C15D57}.Release|x86.ActiveCfg = Release|Any CPU
		{41BAE23D-5110-4D17-821F-ED4441C15D57}.Release|x86.Build.0 = Release|Any CPU
		{CA2E13E9-3E2B-4E64-8E75-593345526D37}.Debug|Any CPU.ActiveCfg = Debug|Any CPU
		{CA2E13E9-3E2B-4E64-8E75-593345526D37}.Debug|Any CPU.Build.0 = Debug|Any CPU
		{CA2E13E9-3E2B-4E64-8E75-593345526D37}.Debug|ARM.ActiveCfg = Debug|Any CPU
		{CA2E13E9-3E2B-4E64-8E75-593345526D37}.Debug|ARM.Build.0 = Debug|Any CPU
		{CA2E13E9-3E2B-4E64-8E75-593345526D37}.Debug|ARM64.ActiveCfg = Debug|Any CPU
		{CA2E13E9-3E2B-4E64-8E75-593345526D37}.Debug|ARM64.Build.0 = Debug|Any CPU
		{CA2E13E9-3E2B-4E64-8E75-593345526D37}.Debug|iPhone.ActiveCfg = Debug|Any CPU
		{CA2E13E9-3E2B-4E64-8E75-593345526D37}.Debug|iPhone.Build.0 = Debug|Any CPU
		{CA2E13E9-3E2B-4E64-8E75-593345526D37}.Debug|iPhoneSimulator.ActiveCfg = Debug|Any CPU
		{CA2E13E9-3E2B-4E64-8E75-593345526D37}.Debug|iPhoneSimulator.Build.0 = Debug|Any CPU
		{CA2E13E9-3E2B-4E64-8E75-593345526D37}.Debug|x64.ActiveCfg = Debug|Any CPU
		{CA2E13E9-3E2B-4E64-8E75-593345526D37}.Debug|x64.Build.0 = Debug|Any CPU
		{CA2E13E9-3E2B-4E64-8E75-593345526D37}.Debug|x86.ActiveCfg = Debug|Any CPU
		{CA2E13E9-3E2B-4E64-8E75-593345526D37}.Debug|x86.Build.0 = Debug|Any CPU
		{CA2E13E9-3E2B-4E64-8E75-593345526D37}.Release|Any CPU.ActiveCfg = Release|Any CPU
		{CA2E13E9-3E2B-4E64-8E75-593345526D37}.Release|Any CPU.Build.0 = Release|Any CPU
		{CA2E13E9-3E2B-4E64-8E75-593345526D37}.Release|ARM.ActiveCfg = Release|Any CPU
		{CA2E13E9-3E2B-4E64-8E75-593345526D37}.Release|ARM.Build.0 = Release|Any CPU
		{CA2E13E9-3E2B-4E64-8E75-593345526D37}.Release|ARM64.ActiveCfg = Release|Any CPU
		{CA2E13E9-3E2B-4E64-8E75-593345526D37}.Release|ARM64.Build.0 = Release|Any CPU
		{CA2E13E9-3E2B-4E64-8E75-593345526D37}.Release|iPhone.ActiveCfg = Release|Any CPU
		{CA2E13E9-3E2B-4E64-8E75-593345526D37}.Release|iPhone.Build.0 = Release|Any CPU
		{CA2E13E9-3E2B-4E64-8E75-593345526D37}.Release|iPhoneSimulator.ActiveCfg = Release|Any CPU
		{CA2E13E9-3E2B-4E64-8E75-593345526D37}.Release|iPhoneSimulator.Build.0 = Release|Any CPU
		{CA2E13E9-3E2B-4E64-8E75-593345526D37}.Release|x64.ActiveCfg = Release|Any CPU
		{CA2E13E9-3E2B-4E64-8E75-593345526D37}.Release|x64.Build.0 = Release|Any CPU
		{CA2E13E9-3E2B-4E64-8E75-593345526D37}.Release|x86.ActiveCfg = Release|Any CPU
		{CA2E13E9-3E2B-4E64-8E75-593345526D37}.Release|x86.Build.0 = Release|Any CPU
		{20B16A77-811A-4DF8-917C-716D673A55B7}.Debug|Any CPU.ActiveCfg = Debug|x86
		{20B16A77-811A-4DF8-917C-716D673A55B7}.Debug|ARM.ActiveCfg = Debug|ARM
		{20B16A77-811A-4DF8-917C-716D673A55B7}.Debug|ARM.Build.0 = Debug|ARM
		{20B16A77-811A-4DF8-917C-716D673A55B7}.Debug|ARM.Deploy.0 = Debug|ARM
		{20B16A77-811A-4DF8-917C-716D673A55B7}.Debug|ARM64.ActiveCfg = Debug|x86
		{20B16A77-811A-4DF8-917C-716D673A55B7}.Debug|iPhone.ActiveCfg = Debug|x86
		{20B16A77-811A-4DF8-917C-716D673A55B7}.Debug|iPhoneSimulator.ActiveCfg = Debug|x86
		{20B16A77-811A-4DF8-917C-716D673A55B7}.Debug|x64.ActiveCfg = Debug|x64
		{20B16A77-811A-4DF8-917C-716D673A55B7}.Debug|x64.Build.0 = Debug|x64
		{20B16A77-811A-4DF8-917C-716D673A55B7}.Debug|x64.Deploy.0 = Debug|x64
		{20B16A77-811A-4DF8-917C-716D673A55B7}.Debug|x86.ActiveCfg = Debug|x86
		{20B16A77-811A-4DF8-917C-716D673A55B7}.Debug|x86.Build.0 = Debug|x86
		{20B16A77-811A-4DF8-917C-716D673A55B7}.Debug|x86.Deploy.0 = Debug|x86
		{20B16A77-811A-4DF8-917C-716D673A55B7}.Release|Any CPU.ActiveCfg = Release|x86
		{20B16A77-811A-4DF8-917C-716D673A55B7}.Release|ARM.ActiveCfg = Release|ARM
		{20B16A77-811A-4DF8-917C-716D673A55B7}.Release|ARM.Build.0 = Release|ARM
		{20B16A77-811A-4DF8-917C-716D673A55B7}.Release|ARM.Deploy.0 = Release|ARM
		{20B16A77-811A-4DF8-917C-716D673A55B7}.Release|ARM64.ActiveCfg = Release|x86
		{20B16A77-811A-4DF8-917C-716D673A55B7}.Release|iPhone.ActiveCfg = Release|x86
		{20B16A77-811A-4DF8-917C-716D673A55B7}.Release|iPhoneSimulator.ActiveCfg = Release|x86
		{20B16A77-811A-4DF8-917C-716D673A55B7}.Release|x64.ActiveCfg = Release|x64
		{20B16A77-811A-4DF8-917C-716D673A55B7}.Release|x64.Build.0 = Release|x64
		{20B16A77-811A-4DF8-917C-716D673A55B7}.Release|x64.Deploy.0 = Release|x64
		{20B16A77-811A-4DF8-917C-716D673A55B7}.Release|x86.ActiveCfg = Release|x86
		{20B16A77-811A-4DF8-917C-716D673A55B7}.Release|x86.Build.0 = Release|x86
		{20B16A77-811A-4DF8-917C-716D673A55B7}.Release|x86.Deploy.0 = Release|x86
		{535FC799-429C-4249-82C3-78C39B9A6E91}.Debug|Any CPU.ActiveCfg = Debug|Any CPU
		{535FC799-429C-4249-82C3-78C39B9A6E91}.Debug|Any CPU.Build.0 = Debug|Any CPU
		{535FC799-429C-4249-82C3-78C39B9A6E91}.Debug|Any CPU.Deploy.0 = Debug|Any CPU
		{535FC799-429C-4249-82C3-78C39B9A6E91}.Debug|ARM.ActiveCfg = Debug|Any CPU
		{535FC799-429C-4249-82C3-78C39B9A6E91}.Debug|ARM.Build.0 = Debug|Any CPU
		{535FC799-429C-4249-82C3-78C39B9A6E91}.Debug|ARM.Deploy.0 = Debug|Any CPU
		{535FC799-429C-4249-82C3-78C39B9A6E91}.Debug|ARM64.ActiveCfg = Debug|Any CPU
		{535FC799-429C-4249-82C3-78C39B9A6E91}.Debug|ARM64.Build.0 = Debug|Any CPU
		{535FC799-429C-4249-82C3-78C39B9A6E91}.Debug|ARM64.Deploy.0 = Debug|Any CPU
		{535FC799-429C-4249-82C3-78C39B9A6E91}.Debug|iPhone.ActiveCfg = Debug|Any CPU
		{535FC799-429C-4249-82C3-78C39B9A6E91}.Debug|iPhone.Build.0 = Debug|Any CPU
		{535FC799-429C-4249-82C3-78C39B9A6E91}.Debug|iPhone.Deploy.0 = Debug|Any CPU
		{535FC799-429C-4249-82C3-78C39B9A6E91}.Debug|iPhoneSimulator.ActiveCfg = Debug|Any CPU
		{535FC799-429C-4249-82C3-78C39B9A6E91}.Debug|iPhoneSimulator.Build.0 = Debug|Any CPU
		{535FC799-429C-4249-82C3-78C39B9A6E91}.Debug|iPhoneSimulator.Deploy.0 = Debug|Any CPU
		{535FC799-429C-4249-82C3-78C39B9A6E91}.Debug|x64.ActiveCfg = Debug|Any CPU
		{535FC799-429C-4249-82C3-78C39B9A6E91}.Debug|x64.Build.0 = Debug|Any CPU
		{535FC799-429C-4249-82C3-78C39B9A6E91}.Debug|x64.Deploy.0 = Debug|Any CPU
		{535FC799-429C-4249-82C3-78C39B9A6E91}.Debug|x86.ActiveCfg = Debug|Any CPU
		{535FC799-429C-4249-82C3-78C39B9A6E91}.Debug|x86.Build.0 = Debug|Any CPU
		{535FC799-429C-4249-82C3-78C39B9A6E91}.Debug|x86.Deploy.0 = Debug|Any CPU
		{535FC799-429C-4249-82C3-78C39B9A6E91}.Release|Any CPU.ActiveCfg = Release|Any CPU
		{535FC799-429C-4249-82C3-78C39B9A6E91}.Release|Any CPU.Build.0 = Release|Any CPU
		{535FC799-429C-4249-82C3-78C39B9A6E91}.Release|Any CPU.Deploy.0 = Release|Any CPU
		{535FC799-429C-4249-82C3-78C39B9A6E91}.Release|ARM.ActiveCfg = Release|Any CPU
		{535FC799-429C-4249-82C3-78C39B9A6E91}.Release|ARM.Build.0 = Release|Any CPU
		{535FC799-429C-4249-82C3-78C39B9A6E91}.Release|ARM.Deploy.0 = Release|Any CPU
		{535FC799-429C-4249-82C3-78C39B9A6E91}.Release|ARM64.ActiveCfg = Release|Any CPU
		{535FC799-429C-4249-82C3-78C39B9A6E91}.Release|ARM64.Build.0 = Release|Any CPU
		{535FC799-429C-4249-82C3-78C39B9A6E91}.Release|ARM64.Deploy.0 = Release|Any CPU
		{535FC799-429C-4249-82C3-78C39B9A6E91}.Release|iPhone.ActiveCfg = Release|Any CPU
		{535FC799-429C-4249-82C3-78C39B9A6E91}.Release|iPhone.Build.0 = Release|Any CPU
		{535FC799-429C-4249-82C3-78C39B9A6E91}.Release|iPhone.Deploy.0 = Release|Any CPU
		{535FC799-429C-4249-82C3-78C39B9A6E91}.Release|iPhoneSimulator.ActiveCfg = Release|Any CPU
		{535FC799-429C-4249-82C3-78C39B9A6E91}.Release|iPhoneSimulator.Build.0 = Release|Any CPU
		{535FC799-429C-4249-82C3-78C39B9A6E91}.Release|iPhoneSimulator.Deploy.0 = Release|Any CPU
		{535FC799-429C-4249-82C3-78C39B9A6E91}.Release|x64.ActiveCfg = Release|Any CPU
		{535FC799-429C-4249-82C3-78C39B9A6E91}.Release|x64.Build.0 = Release|Any CPU
		{535FC799-429C-4249-82C3-78C39B9A6E91}.Release|x64.Deploy.0 = Release|Any CPU
		{535FC799-429C-4249-82C3-78C39B9A6E91}.Release|x86.ActiveCfg = Release|Any CPU
		{535FC799-429C-4249-82C3-78C39B9A6E91}.Release|x86.Build.0 = Release|Any CPU
		{535FC799-429C-4249-82C3-78C39B9A6E91}.Release|x86.Deploy.0 = Release|Any CPU
		{E614B116-5FB9-4613-9C59-734D336A51C4}.Debug|Any CPU.ActiveCfg = Debug|iPhone
		{E614B116-5FB9-4613-9C59-734D336A51C4}.Debug|ARM.ActiveCfg = Debug|iPhone
		{E614B116-5FB9-4613-9C59-734D336A51C4}.Debug|ARM64.ActiveCfg = Debug|iPhone
		{E614B116-5FB9-4613-9C59-734D336A51C4}.Debug|iPhone.ActiveCfg = Debug|iPhone
		{E614B116-5FB9-4613-9C59-734D336A51C4}.Debug|iPhone.Build.0 = Debug|iPhone
		{E614B116-5FB9-4613-9C59-734D336A51C4}.Debug|iPhoneSimulator.ActiveCfg = Debug|iPhoneSimulator
		{E614B116-5FB9-4613-9C59-734D336A51C4}.Debug|iPhoneSimulator.Build.0 = Debug|iPhoneSimulator
		{E614B116-5FB9-4613-9C59-734D336A51C4}.Debug|x64.ActiveCfg = Debug|iPhone
		{E614B116-5FB9-4613-9C59-734D336A51C4}.Debug|x86.ActiveCfg = Debug|iPhone
		{E614B116-5FB9-4613-9C59-734D336A51C4}.Release|Any CPU.ActiveCfg = Release|iPhone
		{E614B116-5FB9-4613-9C59-734D336A51C4}.Release|ARM.ActiveCfg = Release|iPhone
		{E614B116-5FB9-4613-9C59-734D336A51C4}.Release|ARM64.ActiveCfg = Release|iPhone
		{E614B116-5FB9-4613-9C59-734D336A51C4}.Release|iPhone.ActiveCfg = Release|iPhone
		{E614B116-5FB9-4613-9C59-734D336A51C4}.Release|iPhone.Build.0 = Release|iPhone
		{E614B116-5FB9-4613-9C59-734D336A51C4}.Release|iPhoneSimulator.ActiveCfg = Release|iPhoneSimulator
		{E614B116-5FB9-4613-9C59-734D336A51C4}.Release|iPhoneSimulator.Build.0 = Release|iPhoneSimulator
		{E614B116-5FB9-4613-9C59-734D336A51C4}.Release|x64.ActiveCfg = Release|iPhone
		{E614B116-5FB9-4613-9C59-734D336A51C4}.Release|x86.ActiveCfg = Release|iPhone
		{4DDCAC92-4699-4D24-8802-3F8BEFC56D2E}.Debug|Any CPU.ActiveCfg = Debug|Any CPU
		{4DDCAC92-4699-4D24-8802-3F8BEFC56D2E}.Debug|Any CPU.Build.0 = Debug|Any CPU
		{4DDCAC92-4699-4D24-8802-3F8BEFC56D2E}.Debug|ARM.ActiveCfg = Debug|Any CPU
		{4DDCAC92-4699-4D24-8802-3F8BEFC56D2E}.Debug|ARM.Build.0 = Debug|Any CPU
		{4DDCAC92-4699-4D24-8802-3F8BEFC56D2E}.Debug|ARM64.ActiveCfg = Debug|Any CPU
		{4DDCAC92-4699-4D24-8802-3F8BEFC56D2E}.Debug|ARM64.Build.0 = Debug|Any CPU
		{4DDCAC92-4699-4D24-8802-3F8BEFC56D2E}.Debug|iPhone.ActiveCfg = Debug|Any CPU
		{4DDCAC92-4699-4D24-8802-3F8BEFC56D2E}.Debug|iPhone.Build.0 = Debug|Any CPU
		{4DDCAC92-4699-4D24-8802-3F8BEFC56D2E}.Debug|iPhoneSimulator.ActiveCfg = Debug|Any CPU
		{4DDCAC92-4699-4D24-8802-3F8BEFC56D2E}.Debug|iPhoneSimulator.Build.0 = Debug|Any CPU
		{4DDCAC92-4699-4D24-8802-3F8BEFC56D2E}.Debug|x64.ActiveCfg = Debug|Any CPU
		{4DDCAC92-4699-4D24-8802-3F8BEFC56D2E}.Debug|x64.Build.0 = Debug|Any CPU
		{4DDCAC92-4699-4D24-8802-3F8BEFC56D2E}.Debug|x86.ActiveCfg = Debug|Any CPU
		{4DDCAC92-4699-4D24-8802-3F8BEFC56D2E}.Debug|x86.Build.0 = Debug|Any CPU
		{4DDCAC92-4699-4D24-8802-3F8BEFC56D2E}.Release|Any CPU.ActiveCfg = Release|Any CPU
		{4DDCAC92-4699-4D24-8802-3F8BEFC56D2E}.Release|Any CPU.Build.0 = Release|Any CPU
		{4DDCAC92-4699-4D24-8802-3F8BEFC56D2E}.Release|ARM.ActiveCfg = Release|Any CPU
		{4DDCAC92-4699-4D24-8802-3F8BEFC56D2E}.Release|ARM.Build.0 = Release|Any CPU
		{4DDCAC92-4699-4D24-8802-3F8BEFC56D2E}.Release|ARM64.ActiveCfg = Release|Any CPU
		{4DDCAC92-4699-4D24-8802-3F8BEFC56D2E}.Release|ARM64.Build.0 = Release|Any CPU
		{4DDCAC92-4699-4D24-8802-3F8BEFC56D2E}.Release|iPhone.ActiveCfg = Release|Any CPU
		{4DDCAC92-4699-4D24-8802-3F8BEFC56D2E}.Release|iPhone.Build.0 = Release|Any CPU
		{4DDCAC92-4699-4D24-8802-3F8BEFC56D2E}.Release|iPhoneSimulator.ActiveCfg = Release|Any CPU
		{4DDCAC92-4699-4D24-8802-3F8BEFC56D2E}.Release|iPhoneSimulator.Build.0 = Release|Any CPU
		{4DDCAC92-4699-4D24-8802-3F8BEFC56D2E}.Release|x64.ActiveCfg = Release|Any CPU
		{4DDCAC92-4699-4D24-8802-3F8BEFC56D2E}.Release|x64.Build.0 = Release|Any CPU
		{4DDCAC92-4699-4D24-8802-3F8BEFC56D2E}.Release|x86.ActiveCfg = Release|Any CPU
		{4DDCAC92-4699-4D24-8802-3F8BEFC56D2E}.Release|x86.Build.0 = Release|Any CPU
		{2DEBAA6F-6DEA-449E-A876-61A0EFF41402}.Debug|Any CPU.ActiveCfg = Debug|Any CPU
		{2DEBAA6F-6DEA-449E-A876-61A0EFF41402}.Debug|Any CPU.Build.0 = Debug|Any CPU
		{2DEBAA6F-6DEA-449E-A876-61A0EFF41402}.Debug|ARM.ActiveCfg = Debug|Any CPU
		{2DEBAA6F-6DEA-449E-A876-61A0EFF41402}.Debug|ARM.Build.0 = Debug|Any CPU
		{2DEBAA6F-6DEA-449E-A876-61A0EFF41402}.Debug|ARM64.ActiveCfg = Debug|Any CPU
		{2DEBAA6F-6DEA-449E-A876-61A0EFF41402}.Debug|ARM64.Build.0 = Debug|Any CPU
		{2DEBAA6F-6DEA-449E-A876-61A0EFF41402}.Debug|iPhone.ActiveCfg = Debug|Any CPU
		{2DEBAA6F-6DEA-449E-A876-61A0EFF41402}.Debug|iPhone.Build.0 = Debug|Any CPU
		{2DEBAA6F-6DEA-449E-A876-61A0EFF41402}.Debug|iPhoneSimulator.ActiveCfg = Debug|Any CPU
		{2DEBAA6F-6DEA-449E-A876-61A0EFF41402}.Debug|iPhoneSimulator.Build.0 = Debug|Any CPU
		{2DEBAA6F-6DEA-449E-A876-61A0EFF41402}.Debug|x64.ActiveCfg = Debug|Any CPU
		{2DEBAA6F-6DEA-449E-A876-61A0EFF41402}.Debug|x64.Build.0 = Debug|Any CPU
		{2DEBAA6F-6DEA-449E-A876-61A0EFF41402}.Debug|x86.ActiveCfg = Debug|Any CPU
		{2DEBAA6F-6DEA-449E-A876-61A0EFF41402}.Debug|x86.Build.0 = Debug|Any CPU
		{2DEBAA6F-6DEA-449E-A876-61A0EFF41402}.Release|Any CPU.ActiveCfg = Release|Any CPU
		{2DEBAA6F-6DEA-449E-A876-61A0EFF41402}.Release|Any CPU.Build.0 = Release|Any CPU
		{2DEBAA6F-6DEA-449E-A876-61A0EFF41402}.Release|ARM.ActiveCfg = Release|Any CPU
		{2DEBAA6F-6DEA-449E-A876-61A0EFF41402}.Release|ARM.Build.0 = Release|Any CPU
		{2DEBAA6F-6DEA-449E-A876-61A0EFF41402}.Release|ARM64.ActiveCfg = Release|Any CPU
		{2DEBAA6F-6DEA-449E-A876-61A0EFF41402}.Release|ARM64.Build.0 = Release|Any CPU
		{2DEBAA6F-6DEA-449E-A876-61A0EFF41402}.Release|iPhone.ActiveCfg = Release|Any CPU
		{2DEBAA6F-6DEA-449E-A876-61A0EFF41402}.Release|iPhone.Build.0 = Release|Any CPU
		{2DEBAA6F-6DEA-449E-A876-61A0EFF41402}.Release|iPhoneSimulator.ActiveCfg = Release|Any CPU
		{2DEBAA6F-6DEA-449E-A876-61A0EFF41402}.Release|iPhoneSimulator.Build.0 = Release|Any CPU
		{2DEBAA6F-6DEA-449E-A876-61A0EFF41402}.Release|x64.ActiveCfg = Release|Any CPU
		{2DEBAA6F-6DEA-449E-A876-61A0EFF41402}.Release|x64.Build.0 = Release|Any CPU
		{2DEBAA6F-6DEA-449E-A876-61A0EFF41402}.Release|x86.ActiveCfg = Release|Any CPU
		{2DEBAA6F-6DEA-449E-A876-61A0EFF41402}.Release|x86.Build.0 = Release|Any CPU
		{D5D5F686-5970-4EDA-8B9C-FDF267CFA781}.Debug|Any CPU.ActiveCfg = Debug|Any CPU
		{D5D5F686-5970-4EDA-8B9C-FDF267CFA781}.Debug|Any CPU.Build.0 = Debug|Any CPU
		{D5D5F686-5970-4EDA-8B9C-FDF267CFA781}.Debug|ARM.ActiveCfg = Debug|Any CPU
		{D5D5F686-5970-4EDA-8B9C-FDF267CFA781}.Debug|ARM.Build.0 = Debug|Any CPU
		{D5D5F686-5970-4EDA-8B9C-FDF267CFA781}.Debug|ARM64.ActiveCfg = Debug|Any CPU
		{D5D5F686-5970-4EDA-8B9C-FDF267CFA781}.Debug|ARM64.Build.0 = Debug|Any CPU
		{D5D5F686-5970-4EDA-8B9C-FDF267CFA781}.Debug|iPhone.ActiveCfg = Debug|Any CPU
		{D5D5F686-5970-4EDA-8B9C-FDF267CFA781}.Debug|iPhone.Build.0 = Debug|Any CPU
		{D5D5F686-5970-4EDA-8B9C-FDF267CFA781}.Debug|iPhoneSimulator.ActiveCfg = Debug|Any CPU
		{D5D5F686-5970-4EDA-8B9C-FDF267CFA781}.Debug|iPhoneSimulator.Build.0 = Debug|Any CPU
		{D5D5F686-5970-4EDA-8B9C-FDF267CFA781}.Debug|x64.ActiveCfg = Debug|Any CPU
		{D5D5F686-5970-4EDA-8B9C-FDF267CFA781}.Debug|x64.Build.0 = Debug|Any CPU
		{D5D5F686-5970-4EDA-8B9C-FDF267CFA781}.Debug|x86.ActiveCfg = Debug|Any CPU
		{D5D5F686-5970-4EDA-8B9C-FDF267CFA781}.Debug|x86.Build.0 = Debug|Any CPU
		{D5D5F686-5970-4EDA-8B9C-FDF267CFA781}.Release|Any CPU.ActiveCfg = Release|Any CPU
		{D5D5F686-5970-4EDA-8B9C-FDF267CFA781}.Release|Any CPU.Build.0 = Release|Any CPU
		{D5D5F686-5970-4EDA-8B9C-FDF267CFA781}.Release|ARM.ActiveCfg = Release|Any CPU
		{D5D5F686-5970-4EDA-8B9C-FDF267CFA781}.Release|ARM.Build.0 = Release|Any CPU
		{D5D5F686-5970-4EDA-8B9C-FDF267CFA781}.Release|ARM64.ActiveCfg = Release|Any CPU
		{D5D5F686-5970-4EDA-8B9C-FDF267CFA781}.Release|ARM64.Build.0 = Release|Any CPU
		{D5D5F686-5970-4EDA-8B9C-FDF267CFA781}.Release|iPhone.ActiveCfg = Release|Any CPU
		{D5D5F686-5970-4EDA-8B9C-FDF267CFA781}.Release|iPhone.Build.0 = Release|Any CPU
		{D5D5F686-5970-4EDA-8B9C-FDF267CFA781}.Release|iPhoneSimulator.ActiveCfg = Release|Any CPU
		{D5D5F686-5970-4EDA-8B9C-FDF267CFA781}.Release|iPhoneSimulator.Build.0 = Release|Any CPU
		{D5D5F686-5970-4EDA-8B9C-FDF267CFA781}.Release|x64.ActiveCfg = Release|Any CPU
		{D5D5F686-5970-4EDA-8B9C-FDF267CFA781}.Release|x64.Build.0 = Release|Any CPU
		{D5D5F686-5970-4EDA-8B9C-FDF267CFA781}.Release|x86.ActiveCfg = Release|Any CPU
		{D5D5F686-5970-4EDA-8B9C-FDF267CFA781}.Release|x86.Build.0 = Release|Any CPU
		{9926BD4B-9F93-460F-AD7B-DDB4180894AE}.Debug|Any CPU.ActiveCfg = Debug|Any CPU
		{9926BD4B-9F93-460F-AD7B-DDB4180894AE}.Debug|Any CPU.Build.0 = Debug|Any CPU
		{9926BD4B-9F93-460F-AD7B-DDB4180894AE}.Debug|ARM.ActiveCfg = Debug|Any CPU
		{9926BD4B-9F93-460F-AD7B-DDB4180894AE}.Debug|ARM.Build.0 = Debug|Any CPU
		{9926BD4B-9F93-460F-AD7B-DDB4180894AE}.Debug|ARM64.ActiveCfg = Debug|Any CPU
		{9926BD4B-9F93-460F-AD7B-DDB4180894AE}.Debug|ARM64.Build.0 = Debug|Any CPU
		{9926BD4B-9F93-460F-AD7B-DDB4180894AE}.Debug|iPhone.ActiveCfg = Debug|Any CPU
		{9926BD4B-9F93-460F-AD7B-DDB4180894AE}.Debug|iPhone.Build.0 = Debug|Any CPU
		{9926BD4B-9F93-460F-AD7B-DDB4180894AE}.Debug|iPhoneSimulator.ActiveCfg = Debug|Any CPU
		{9926BD4B-9F93-460F-AD7B-DDB4180894AE}.Debug|iPhoneSimulator.Build.0 = Debug|Any CPU
		{9926BD4B-9F93-460F-AD7B-DDB4180894AE}.Debug|x64.ActiveCfg = Debug|Any CPU
		{9926BD4B-9F93-460F-AD7B-DDB4180894AE}.Debug|x64.Build.0 = Debug|Any CPU
		{9926BD4B-9F93-460F-AD7B-DDB4180894AE}.Debug|x86.ActiveCfg = Debug|Any CPU
		{9926BD4B-9F93-460F-AD7B-DDB4180894AE}.Debug|x86.Build.0 = Debug|Any CPU
		{9926BD4B-9F93-460F-AD7B-DDB4180894AE}.Release|Any CPU.ActiveCfg = Release|Any CPU
		{9926BD4B-9F93-460F-AD7B-DDB4180894AE}.Release|Any CPU.Build.0 = Release|Any CPU
		{9926BD4B-9F93-460F-AD7B-DDB4180894AE}.Release|ARM.ActiveCfg = Release|Any CPU
		{9926BD4B-9F93-460F-AD7B-DDB4180894AE}.Release|ARM.Build.0 = Release|Any CPU
		{9926BD4B-9F93-460F-AD7B-DDB4180894AE}.Release|ARM64.ActiveCfg = Release|Any CPU
		{9926BD4B-9F93-460F-AD7B-DDB4180894AE}.Release|ARM64.Build.0 = Release|Any CPU
		{9926BD4B-9F93-460F-AD7B-DDB4180894AE}.Release|iPhone.ActiveCfg = Release|Any CPU
		{9926BD4B-9F93-460F-AD7B-DDB4180894AE}.Release|iPhone.Build.0 = Release|Any CPU
		{9926BD4B-9F93-460F-AD7B-DDB4180894AE}.Release|iPhoneSimulator.ActiveCfg = Release|Any CPU
		{9926BD4B-9F93-460F-AD7B-DDB4180894AE}.Release|iPhoneSimulator.Build.0 = Release|Any CPU
		{9926BD4B-9F93-460F-AD7B-DDB4180894AE}.Release|x64.ActiveCfg = Release|Any CPU
		{9926BD4B-9F93-460F-AD7B-DDB4180894AE}.Release|x64.Build.0 = Release|Any CPU
		{9926BD4B-9F93-460F-AD7B-DDB4180894AE}.Release|x86.ActiveCfg = Release|Any CPU
		{9926BD4B-9F93-460F-AD7B-DDB4180894AE}.Release|x86.Build.0 = Release|Any CPU
		{FA826B85-2CD7-4EA9-A19B-D9D1ABBE63BD}.Debug|Any CPU.ActiveCfg = Debug|Any CPU
		{FA826B85-2CD7-4EA9-A19B-D9D1ABBE63BD}.Debug|Any CPU.Build.0 = Debug|Any CPU
		{FA826B85-2CD7-4EA9-A19B-D9D1ABBE63BD}.Debug|ARM.ActiveCfg = Debug|Any CPU
		{FA826B85-2CD7-4EA9-A19B-D9D1ABBE63BD}.Debug|ARM.Build.0 = Debug|Any CPU
		{FA826B85-2CD7-4EA9-A19B-D9D1ABBE63BD}.Debug|ARM64.ActiveCfg = Debug|Any CPU
		{FA826B85-2CD7-4EA9-A19B-D9D1ABBE63BD}.Debug|ARM64.Build.0 = Debug|Any CPU
		{FA826B85-2CD7-4EA9-A19B-D9D1ABBE63BD}.Debug|iPhone.ActiveCfg = Debug|Any CPU
		{FA826B85-2CD7-4EA9-A19B-D9D1ABBE63BD}.Debug|iPhone.Build.0 = Debug|Any CPU
		{FA826B85-2CD7-4EA9-A19B-D9D1ABBE63BD}.Debug|iPhoneSimulator.ActiveCfg = Debug|Any CPU
		{FA826B85-2CD7-4EA9-A19B-D9D1ABBE63BD}.Debug|iPhoneSimulator.Build.0 = Debug|Any CPU
		{FA826B85-2CD7-4EA9-A19B-D9D1ABBE63BD}.Debug|x64.ActiveCfg = Debug|Any CPU
		{FA826B85-2CD7-4EA9-A19B-D9D1ABBE63BD}.Debug|x64.Build.0 = Debug|Any CPU
		{FA826B85-2CD7-4EA9-A19B-D9D1ABBE63BD}.Debug|x86.ActiveCfg = Debug|Any CPU
		{FA826B85-2CD7-4EA9-A19B-D9D1ABBE63BD}.Debug|x86.Build.0 = Debug|Any CPU
		{FA826B85-2CD7-4EA9-A19B-D9D1ABBE63BD}.Release|Any CPU.ActiveCfg = Release|Any CPU
		{FA826B85-2CD7-4EA9-A19B-D9D1ABBE63BD}.Release|Any CPU.Build.0 = Release|Any CPU
		{FA826B85-2CD7-4EA9-A19B-D9D1ABBE63BD}.Release|ARM.ActiveCfg = Release|Any CPU
		{FA826B85-2CD7-4EA9-A19B-D9D1ABBE63BD}.Release|ARM.Build.0 = Release|Any CPU
		{FA826B85-2CD7-4EA9-A19B-D9D1ABBE63BD}.Release|ARM64.ActiveCfg = Release|Any CPU
		{FA826B85-2CD7-4EA9-A19B-D9D1ABBE63BD}.Release|ARM64.Build.0 = Release|Any CPU
		{FA826B85-2CD7-4EA9-A19B-D9D1ABBE63BD}.Release|iPhone.ActiveCfg = Release|Any CPU
		{FA826B85-2CD7-4EA9-A19B-D9D1ABBE63BD}.Release|iPhone.Build.0 = Release|Any CPU
		{FA826B85-2CD7-4EA9-A19B-D9D1ABBE63BD}.Release|iPhoneSimulator.ActiveCfg = Release|Any CPU
		{FA826B85-2CD7-4EA9-A19B-D9D1ABBE63BD}.Release|iPhoneSimulator.Build.0 = Release|Any CPU
		{FA826B85-2CD7-4EA9-A19B-D9D1ABBE63BD}.Release|x64.ActiveCfg = Release|Any CPU
		{FA826B85-2CD7-4EA9-A19B-D9D1ABBE63BD}.Release|x64.Build.0 = Release|Any CPU
		{FA826B85-2CD7-4EA9-A19B-D9D1ABBE63BD}.Release|x86.ActiveCfg = Release|Any CPU
		{FA826B85-2CD7-4EA9-A19B-D9D1ABBE63BD}.Release|x86.Build.0 = Release|Any CPU
		{A854A851-9EBC-4EDD-9B5D-DBD50560C636}.Debug|Any CPU.ActiveCfg = Debug|x86
		{A854A851-9EBC-4EDD-9B5D-DBD50560C636}.Debug|ARM.ActiveCfg = Debug|ARM
		{A854A851-9EBC-4EDD-9B5D-DBD50560C636}.Debug|ARM.Build.0 = Debug|ARM
		{A854A851-9EBC-4EDD-9B5D-DBD50560C636}.Debug|ARM.Deploy.0 = Debug|ARM
		{A854A851-9EBC-4EDD-9B5D-DBD50560C636}.Debug|ARM64.ActiveCfg = Debug|ARM64
		{A854A851-9EBC-4EDD-9B5D-DBD50560C636}.Debug|ARM64.Build.0 = Debug|ARM64
		{A854A851-9EBC-4EDD-9B5D-DBD50560C636}.Debug|ARM64.Deploy.0 = Debug|ARM64
		{A854A851-9EBC-4EDD-9B5D-DBD50560C636}.Debug|iPhone.ActiveCfg = Debug|x86
		{A854A851-9EBC-4EDD-9B5D-DBD50560C636}.Debug|iPhoneSimulator.ActiveCfg = Debug|x86
		{A854A851-9EBC-4EDD-9B5D-DBD50560C636}.Debug|x64.ActiveCfg = Debug|x64
		{A854A851-9EBC-4EDD-9B5D-DBD50560C636}.Debug|x64.Build.0 = Debug|x64
		{A854A851-9EBC-4EDD-9B5D-DBD50560C636}.Debug|x64.Deploy.0 = Debug|x64
		{A854A851-9EBC-4EDD-9B5D-DBD50560C636}.Debug|x86.ActiveCfg = Debug|x86
		{A854A851-9EBC-4EDD-9B5D-DBD50560C636}.Debug|x86.Build.0 = Debug|x86
		{A854A851-9EBC-4EDD-9B5D-DBD50560C636}.Debug|x86.Deploy.0 = Debug|x86
		{A854A851-9EBC-4EDD-9B5D-DBD50560C636}.Release|Any CPU.ActiveCfg = Release|x86
		{A854A851-9EBC-4EDD-9B5D-DBD50560C636}.Release|ARM.ActiveCfg = Release|ARM
		{A854A851-9EBC-4EDD-9B5D-DBD50560C636}.Release|ARM.Build.0 = Release|ARM
		{A854A851-9EBC-4EDD-9B5D-DBD50560C636}.Release|ARM.Deploy.0 = Release|ARM
		{A854A851-9EBC-4EDD-9B5D-DBD50560C636}.Release|ARM64.ActiveCfg = Release|ARM64
		{A854A851-9EBC-4EDD-9B5D-DBD50560C636}.Release|ARM64.Build.0 = Release|ARM64
		{A854A851-9EBC-4EDD-9B5D-DBD50560C636}.Release|ARM64.Deploy.0 = Release|ARM64
		{A854A851-9EBC-4EDD-9B5D-DBD50560C636}.Release|iPhone.ActiveCfg = Release|x86
		{A854A851-9EBC-4EDD-9B5D-DBD50560C636}.Release|iPhoneSimulator.ActiveCfg = Release|x86
		{A854A851-9EBC-4EDD-9B5D-DBD50560C636}.Release|x64.ActiveCfg = Release|x64
		{A854A851-9EBC-4EDD-9B5D-DBD50560C636}.Release|x64.Build.0 = Release|x64
		{A854A851-9EBC-4EDD-9B5D-DBD50560C636}.Release|x64.Deploy.0 = Release|x64
		{A854A851-9EBC-4EDD-9B5D-DBD50560C636}.Release|x86.ActiveCfg = Release|x86
		{A854A851-9EBC-4EDD-9B5D-DBD50560C636}.Release|x86.Build.0 = Release|x86
		{A854A851-9EBC-4EDD-9B5D-DBD50560C636}.Release|x86.Deploy.0 = Release|x86
		{F08E2BD1-A84F-4D2B-BB69-B629809210B1}.Debug|Any CPU.ActiveCfg = Debug|Any CPU
		{F08E2BD1-A84F-4D2B-BB69-B629809210B1}.Debug|Any CPU.Build.0 = Debug|Any CPU
		{F08E2BD1-A84F-4D2B-BB69-B629809210B1}.Debug|ARM.ActiveCfg = Debug|Any CPU
		{F08E2BD1-A84F-4D2B-BB69-B629809210B1}.Debug|ARM.Build.0 = Debug|Any CPU
		{F08E2BD1-A84F-4D2B-BB69-B629809210B1}.Debug|ARM64.ActiveCfg = Debug|Any CPU
		{F08E2BD1-A84F-4D2B-BB69-B629809210B1}.Debug|ARM64.Build.0 = Debug|Any CPU
		{F08E2BD1-A84F-4D2B-BB69-B629809210B1}.Debug|iPhone.ActiveCfg = Debug|Any CPU
		{F08E2BD1-A84F-4D2B-BB69-B629809210B1}.Debug|iPhone.Build.0 = Debug|Any CPU
		{F08E2BD1-A84F-4D2B-BB69-B629809210B1}.Debug|iPhoneSimulator.ActiveCfg = Debug|Any CPU
		{F08E2BD1-A84F-4D2B-BB69-B629809210B1}.Debug|iPhoneSimulator.Build.0 = Debug|Any CPU
		{F08E2BD1-A84F-4D2B-BB69-B629809210B1}.Debug|x64.ActiveCfg = Debug|Any CPU
		{F08E2BD1-A84F-4D2B-BB69-B629809210B1}.Debug|x64.Build.0 = Debug|Any CPU
		{F08E2BD1-A84F-4D2B-BB69-B629809210B1}.Debug|x86.ActiveCfg = Debug|Any CPU
		{F08E2BD1-A84F-4D2B-BB69-B629809210B1}.Debug|x86.Build.0 = Debug|Any CPU
		{F08E2BD1-A84F-4D2B-BB69-B629809210B1}.Release|Any CPU.ActiveCfg = Release|Any CPU
		{F08E2BD1-A84F-4D2B-BB69-B629809210B1}.Release|Any CPU.Build.0 = Release|Any CPU
		{F08E2BD1-A84F-4D2B-BB69-B629809210B1}.Release|ARM.ActiveCfg = Release|Any CPU
		{F08E2BD1-A84F-4D2B-BB69-B629809210B1}.Release|ARM.Build.0 = Release|Any CPU
		{F08E2BD1-A84F-4D2B-BB69-B629809210B1}.Release|ARM64.ActiveCfg = Release|Any CPU
		{F08E2BD1-A84F-4D2B-BB69-B629809210B1}.Release|ARM64.Build.0 = Release|Any CPU
		{F08E2BD1-A84F-4D2B-BB69-B629809210B1}.Release|iPhone.ActiveCfg = Release|Any CPU
		{F08E2BD1-A84F-4D2B-BB69-B629809210B1}.Release|iPhone.Build.0 = Release|Any CPU
		{F08E2BD1-A84F-4D2B-BB69-B629809210B1}.Release|iPhoneSimulator.ActiveCfg = Release|Any CPU
		{F08E2BD1-A84F-4D2B-BB69-B629809210B1}.Release|iPhoneSimulator.Build.0 = Release|Any CPU
		{F08E2BD1-A84F-4D2B-BB69-B629809210B1}.Release|x64.ActiveCfg = Release|Any CPU
		{F08E2BD1-A84F-4D2B-BB69-B629809210B1}.Release|x64.Build.0 = Release|Any CPU
		{F08E2BD1-A84F-4D2B-BB69-B629809210B1}.Release|x86.ActiveCfg = Release|Any CPU
		{F08E2BD1-A84F-4D2B-BB69-B629809210B1}.Release|x86.Build.0 = Release|Any CPU
	EndGlobalSection
	GlobalSection(SolutionProperties) = preSolution
		HideSolutionNode = FALSE
	EndGlobalSection
	GlobalSection(NestedProjects) = preSolution
		{41BAE23D-5110-4D17-821F-ED4441C15D57} = {30FFEFE1-B1C2-4CD1-8B1F-FCC816DCFD1B}
		{CA2E13E9-3E2B-4E64-8E75-593345526D37} = {07403E90-4495-4BE2-BF7D-B984B2F506D6}
		{20B16A77-811A-4DF8-917C-716D673A55B7} = {E27B890F-83EA-4BC4-B686-FBCAE0E28E7F}
		{535FC799-429C-4249-82C3-78C39B9A6E91} = {E27B890F-83EA-4BC4-B686-FBCAE0E28E7F}
		{E614B116-5FB9-4613-9C59-734D336A51C4} = {E27B890F-83EA-4BC4-B686-FBCAE0E28E7F}
		{4DDCAC92-4699-4D24-8802-3F8BEFC56D2E} = {E27B890F-83EA-4BC4-B686-FBCAE0E28E7F}
		{2DEBAA6F-6DEA-449E-A876-61A0EFF41402} = {7998922B-A147-41A0-89FA-353BC461147F}
		{D5D5F686-5970-4EDA-8B9C-FDF267CFA781} = {07403E90-4495-4BE2-BF7D-B984B2F506D6}
		{9926BD4B-9F93-460F-AD7B-DDB4180894AE} = {2B847394-D839-4851-A460-D126EE689305}
		{FA826B85-2CD7-4EA9-A19B-D9D1ABBE63BD} = {30FFEFE1-B1C2-4CD1-8B1F-FCC816DCFD1B}
		{A854A851-9EBC-4EDD-9B5D-DBD50560C636} = {984E2B1E-A922-41F7-BF1F-80B44093C01F}
		{F08E2BD1-A84F-4D2B-BB69-B629809210B1} = {3E5C710C-C970-47DF-9050-CC8DF4F5ECEE}
	EndGlobalSection
	GlobalSection(ExtensibilityGlobals) = postSolution
		SolutionGuid = {02228B81-1A7D-4AB1-AFCB-9486665C1BCB}
	EndGlobalSection
EndGlobal
