
Microsoft Visual Studio Solution File, Format Version 12.00
# Visual Studio Version 16
VisualStudioVersion = 16.0.28729.10
MinimumVisualStudioVersion = 10.0.40219.1
Project("{9A19103F-16F7-4668-BE54-9A1E7A4F7556}") = "BibleReader", "BibleReader\BibleReader.csproj", "{0285887C-8BF8-45C5-8DFC-182166327343}"
EndProject
Project("{9A19103F-16F7-4668-BE54-9A1E7A4F7556}") = "Contracts", "Contracts\Contracts.csproj", "{0668A7E9-E78E-4D5F-B982-7C03BC682D95}"
EndProject
Project("{9A19103F-16F7-4668-BE54-9A1E7A4F7556}") = "LoggerService", "LoggerService\LoggerService.csproj", "{DF7E1B7F-E5DD-41A2-8BE1-ED7F03300072}"
EndProject
Project("{9A19103F-16F7-4668-BE54-9A1E7A4F7556}") = "BibleReaderTests", "BibleReaderTests\BibleReaderTests.csproj", "{4FDD16B1-6C7D-4BD4-A844-B876CC3FCCF2}"
EndProject
Project("{2150E333-8FDC-42A3-9474-1A3956D46DE8}") = "Data", "Data", "{A831AD87-69D6-45F6-9D14-5C19DC477B35}"
EndProject
Project("{2150E333-8FDC-42A3-9474-1A3956D46DE8}") = "Libraries", "Libraries", "{457D8F60-2822-4701-853F-AAD6B29C30A3}"
EndProject
Project("{2150E333-8FDC-42A3-9474-1A3956D46DE8}") = "Tests", "Tests", "{F5C4D91E-C615-4022-9881-02E3681D65F9}"
EndProject
Project("{2150E333-8FDC-42A3-9474-1A3956D46DE8}") = "Logging", "Logging", "{10C878E3-E3D1-4032-A84C-AF92DCB20E54}"
EndProject
Project("{00D1A9C2-B5F0-4AF3-8072-F6C62B433612}") = "GDS.Data.Db", "GDS_DB\GDS.Data.Db.sqlproj", "{0835BAF0-5062-4961-A6F9-F14BB7BFF8B7}"
EndProject
Project("{9A19103F-16F7-4668-BE54-9A1E7A4F7556}") = "GDS.Core", "GDSCore\GDS.Core.csproj", "{6BE8AF52-B0DD-4DEC-8A1A-E71CA7D4BFE8}"
EndProject
Project("{9A19103F-16F7-4668-BE54-9A1E7A4F7556}") = "GDS.Data.EF", "GDS.EF\GDS.Data.EF.csproj", "{4325CE69-52F1-441D-9EA7-AD51418E960A}"
EndProject
Project("{9A19103F-16F7-4668-BE54-9A1E7A4F7556}") = "GDS.Data", "GDS.Data\GDS.Data.csproj", "{09CE3E10-909A-40A7-A3E6-C3D363BC8810}"
EndProject
Project("{2150E333-8FDC-42A3-9474-1A3956D46DE8}") = "Services", "Services", "{4E919536-F46E-4F98-BA5D-067F6F67EFC2}"
EndProject
Project("{9A19103F-16F7-4668-BE54-9A1E7A4F7556}") = "GDS.UI", "GDS.UI\GDS.UI.csproj", "{E3EFBB8A-BF7B-4911-9061-8473B2AA4A42}"
EndProject
Project("{9A19103F-16F7-4668-BE54-9A1E7A4F7556}") = "GDS.API", "GDS.API\GDS.API.csproj", "{B6342371-9418-40AE-BA6E-227995EC4366}"
EndProject
Project("{2150E333-8FDC-42A3-9474-1A3956D46DE8}") = "Presentation", "Presentation", "{16B7E998-A08B-4C10-9E72-FE6DDD6B2BE4}"
EndProject
Project("{FAE04EC0-301F-11D3-BF4B-00C04F79EFBC}") = "GDS.Web", "GDS.Web\GDS.Web.csproj", "{5D3C95A4-C594-4498-92BF-B373EF8A914A}"
EndProject
Project("{FAE04EC0-301F-11D3-BF4B-00C04F79EFBC}") = "GDS.Services", "GDS.Services\GDS.Services.csproj", "{DB2BC2DA-F87F-42C5-AF15-D54CF1326FB6}"
EndProject
Global
	GlobalSection(SolutionConfigurationPlatforms) = preSolution
		Debug|Any CPU = Debug|Any CPU
		Release|Any CPU = Release|Any CPU
	EndGlobalSection
	GlobalSection(ProjectConfigurationPlatforms) = postSolution
		{0285887C-8BF8-45C5-8DFC-182166327343}.Debug|Any CPU.ActiveCfg = Debug|Any CPU
		{0285887C-8BF8-45C5-8DFC-182166327343}.Debug|Any CPU.Build.0 = Debug|Any CPU
		{0285887C-8BF8-45C5-8DFC-182166327343}.Release|Any CPU.ActiveCfg = Release|Any CPU
		{0285887C-8BF8-45C5-8DFC-182166327343}.Release|Any CPU.Build.0 = Release|Any CPU
		{0668A7E9-E78E-4D5F-B982-7C03BC682D95}.Debug|Any CPU.ActiveCfg = Debug|Any CPU
		{0668A7E9-E78E-4D5F-B982-7C03BC682D95}.Debug|Any CPU.Build.0 = Debug|Any CPU
		{0668A7E9-E78E-4D5F-B982-7C03BC682D95}.Release|Any CPU.ActiveCfg = Release|Any CPU
		{0668A7E9-E78E-4D5F-B982-7C03BC682D95}.Release|Any CPU.Build.0 = Release|Any CPU
		{DF7E1B7F-E5DD-41A2-8BE1-ED7F03300072}.Debug|Any CPU.ActiveCfg = Debug|Any CPU
		{DF7E1B7F-E5DD-41A2-8BE1-ED7F03300072}.Debug|Any CPU.Build.0 = Debug|Any CPU
		{DF7E1B7F-E5DD-41A2-8BE1-ED7F03300072}.Release|Any CPU.ActiveCfg = Release|Any CPU
		{DF7E1B7F-E5DD-41A2-8BE1-ED7F03300072}.Release|Any CPU.Build.0 = Release|Any CPU
		{4FDD16B1-6C7D-4BD4-A844-B876CC3FCCF2}.Debug|Any CPU.ActiveCfg = Debug|Any CPU
		{4FDD16B1-6C7D-4BD4-A844-B876CC3FCCF2}.Debug|Any CPU.Build.0 = Debug|Any CPU
		{4FDD16B1-6C7D-4BD4-A844-B876CC3FCCF2}.Release|Any CPU.ActiveCfg = Release|Any CPU
		{4FDD16B1-6C7D-4BD4-A844-B876CC3FCCF2}.Release|Any CPU.Build.0 = Release|Any CPU
		{0835BAF0-5062-4961-A6F9-F14BB7BFF8B7}.Debug|Any CPU.ActiveCfg = Debug|Any CPU
		{0835BAF0-5062-4961-A6F9-F14BB7BFF8B7}.Debug|Any CPU.Build.0 = Debug|Any CPU
		{0835BAF0-5062-4961-A6F9-F14BB7BFF8B7}.Debug|Any CPU.Deploy.0 = Debug|Any CPU
		{0835BAF0-5062-4961-A6F9-F14BB7BFF8B7}.Release|Any CPU.ActiveCfg = Release|Any CPU
		{0835BAF0-5062-4961-A6F9-F14BB7BFF8B7}.Release|Any CPU.Build.0 = Release|Any CPU
		{0835BAF0-5062-4961-A6F9-F14BB7BFF8B7}.Release|Any CPU.Deploy.0 = Release|Any CPU
		{6BE8AF52-B0DD-4DEC-8A1A-E71CA7D4BFE8}.Debug|Any CPU.ActiveCfg = Debug|Any CPU
		{6BE8AF52-B0DD-4DEC-8A1A-E71CA7D4BFE8}.Debug|Any CPU.Build.0 = Debug|Any CPU
		{6BE8AF52-B0DD-4DEC-8A1A-E71CA7D4BFE8}.Release|Any CPU.ActiveCfg = Release|Any CPU
		{6BE8AF52-B0DD-4DEC-8A1A-E71CA7D4BFE8}.Release|Any CPU.Build.0 = Release|Any CPU
		{4325CE69-52F1-441D-9EA7-AD51418E960A}.Debug|Any CPU.ActiveCfg = Debug|Any CPU
		{4325CE69-52F1-441D-9EA7-AD51418E960A}.Debug|Any CPU.Build.0 = Debug|Any CPU
		{4325CE69-52F1-441D-9EA7-AD51418E960A}.Release|Any CPU.ActiveCfg = Release|Any CPU
		{4325CE69-52F1-441D-9EA7-AD51418E960A}.Release|Any CPU.Build.0 = Release|Any CPU
		{09CE3E10-909A-40A7-A3E6-C3D363BC8810}.Debug|Any CPU.ActiveCfg = Debug|Any CPU
		{09CE3E10-909A-40A7-A3E6-C3D363BC8810}.Debug|Any CPU.Build.0 = Debug|Any CPU
		{09CE3E10-909A-40A7-A3E6-C3D363BC8810}.Release|Any CPU.ActiveCfg = Release|Any CPU
		{09CE3E10-909A-40A7-A3E6-C3D363BC8810}.Release|Any CPU.Build.0 = Release|Any CPU
		{E3EFBB8A-BF7B-4911-9061-8473B2AA4A42}.Debug|Any CPU.ActiveCfg = Debug|Any CPU
		{E3EFBB8A-BF7B-4911-9061-8473B2AA4A42}.Debug|Any CPU.Build.0 = Debug|Any CPU
		{E3EFBB8A-BF7B-4911-9061-8473B2AA4A42}.Release|Any CPU.ActiveCfg = Release|Any CPU
		{E3EFBB8A-BF7B-4911-9061-8473B2AA4A42}.Release|Any CPU.Build.0 = Release|Any CPU
		{B6342371-9418-40AE-BA6E-227995EC4366}.Debug|Any CPU.ActiveCfg = Debug|Any CPU
		{B6342371-9418-40AE-BA6E-227995EC4366}.Debug|Any CPU.Build.0 = Debug|Any CPU
		{B6342371-9418-40AE-BA6E-227995EC4366}.Release|Any CPU.ActiveCfg = Release|Any CPU
		{B6342371-9418-40AE-BA6E-227995EC4366}.Release|Any CPU.Build.0 = Release|Any CPU
		{5D3C95A4-C594-4498-92BF-B373EF8A914A}.Debug|Any CPU.ActiveCfg = Debug|Any CPU
		{5D3C95A4-C594-4498-92BF-B373EF8A914A}.Debug|Any CPU.Build.0 = Debug|Any CPU
		{5D3C95A4-C594-4498-92BF-B373EF8A914A}.Release|Any CPU.ActiveCfg = Release|Any CPU
		{5D3C95A4-C594-4498-92BF-B373EF8A914A}.Release|Any CPU.Build.0 = Release|Any CPU
		{DB2BC2DA-F87F-42C5-AF15-D54CF1326FB6}.Debug|Any CPU.ActiveCfg = Debug|Any CPU
		{DB2BC2DA-F87F-42C5-AF15-D54CF1326FB6}.Debug|Any CPU.Build.0 = Debug|Any CPU
		{DB2BC2DA-F87F-42C5-AF15-D54CF1326FB6}.Release|Any CPU.ActiveCfg = Release|Any CPU
		{DB2BC2DA-F87F-42C5-AF15-D54CF1326FB6}.Release|Any CPU.Build.0 = Release|Any CPU
	EndGlobalSection
	GlobalSection(SolutionProperties) = preSolution
		HideSolutionNode = FALSE
	EndGlobalSection
	GlobalSection(NestedProjects) = preSolution
		{0285887C-8BF8-45C5-8DFC-182166327343} = {457D8F60-2822-4701-853F-AAD6B29C30A3}
		{0668A7E9-E78E-4D5F-B982-7C03BC682D95} = {10C878E3-E3D1-4032-A84C-AF92DCB20E54}
		{DF7E1B7F-E5DD-41A2-8BE1-ED7F03300072} = {10C878E3-E3D1-4032-A84C-AF92DCB20E54}
		{4FDD16B1-6C7D-4BD4-A844-B876CC3FCCF2} = {F5C4D91E-C615-4022-9881-02E3681D65F9}
		{0835BAF0-5062-4961-A6F9-F14BB7BFF8B7} = {A831AD87-69D6-45F6-9D14-5C19DC477B35}
		{6BE8AF52-B0DD-4DEC-8A1A-E71CA7D4BFE8} = {457D8F60-2822-4701-853F-AAD6B29C30A3}
		{4325CE69-52F1-441D-9EA7-AD51418E960A} = {A831AD87-69D6-45F6-9D14-5C19DC477B35}
		{09CE3E10-909A-40A7-A3E6-C3D363BC8810} = {A831AD87-69D6-45F6-9D14-5C19DC477B35}
		{E3EFBB8A-BF7B-4911-9061-8473B2AA4A42} = {16B7E998-A08B-4C10-9E72-FE6DDD6B2BE4}
		{B6342371-9418-40AE-BA6E-227995EC4366} = {4E919536-F46E-4F98-BA5D-067F6F67EFC2}
		{5D3C95A4-C594-4498-92BF-B373EF8A914A} = {16B7E998-A08B-4C10-9E72-FE6DDD6B2BE4}
		{DB2BC2DA-F87F-42C5-AF15-D54CF1326FB6} = {4E919536-F46E-4F98-BA5D-067F6F67EFC2}
	EndGlobalSection
	GlobalSection(ExtensibilityGlobals) = postSolution
		SolutionGuid = {6E0A19E4-BAFD-4566-BAEE-0AA4D059454A}
	EndGlobalSection
EndGlobal
