
Microsoft Visual Studio Solution File, Format Version 12.00
# Visual Studio Version 16
VisualStudioVersion = 16.0.29326.143
MinimumVisualStudioVersion = 10.0.40219.1
Project("{9A19103F-16F7-4668-BE54-9A1E7A4F7556}") = "GDS.Core", "GDS.Core\GDS.Core.csproj", "{41BAE23D-5110-4D17-821F-ED4441C15D57}"
EndProject
Project("{2150E333-8FDC-42A3-9474-1A3956D46DE8}") = "Libraries", "Libraries", "{30FFEFE1-B1C2-4CD1-8B1F-FCC816DCFD1B}"
EndProject
Project("{2150E333-8FDC-42A3-9474-1A3956D46DE8}") = "Web", "Web", "{7998922B-A147-41A0-89FA-353BC461147F}"
EndProject
Project("{2150E333-8FDC-42A3-9474-1A3956D46DE8}") = "Bible", "Bible", "{F5C0AA9E-608D-4E84-9450-ECC7A3F2B8F5}"
EndProject
Project("{9A19103F-16F7-4668-BE54-9A1E7A4F7556}") = "GDS.Web", "..\GDS.Bible\GDS.Bible\GDS.Web.csproj", "{119442C8-E5A4-4E4C-A082-4E1B3A53A760}"
EndProject
Project("{9A19103F-16F7-4668-BE54-9A1E7A4F7556}") = "GDS.Bible.Data", "..\GDS.Bible\GDS.Bible.Data\GDS.Bible.Data.csproj", "{8F5C8CFC-BD3B-47B8-A1CB-B5A914201231}"
EndProject
Project("{9A19103F-16F7-4668-BE54-9A1E7A4F7556}") = "GDS.Bible.Core", "..\GDS.Bible\GDS.Bible.Core\GDS.Bible.Core.csproj", "{8EA0077D-EB09-43FF-9F2D-C425635A3356}"
EndProject
Project("{9A19103F-16F7-4668-BE54-9A1E7A4F7556}") = "GDS.Bible.SeedData", "..\GDS.Bible\GDS.Bible.SeedData\GDS.Bible.SeedData.csproj", "{9BE547BF-E9A2-4761-96F6-F5126961AD81}"
EndProject
Project("{2150E333-8FDC-42A3-9474-1A3956D46DE8}") = "Data", "Data", "{58C809B2-8FF5-46A6-8E67-8C8F71B5CBB0}"
EndProject
Project("{00D1A9C2-B5F0-4AF3-8072-F6C62B433612}") = "GDS.Database", "GDS.Database\GDS.Database.sqlproj", "{F6FF0990-AC39-4926-9DE4-AB0821357F1C}"
EndProject
Global
	GlobalSection(SolutionConfigurationPlatforms) = preSolution
		Debug|Any CPU = Debug|Any CPU
		Debug|ARM = Debug|ARM
		Debug|ARM64 = Debug|ARM64
		Debug|iPhone = Debug|iPhone
		Debug|iPhoneSimulator = Debug|iPhoneSimulator
		Debug|x64 = Debug|x64
		Debug|x86 = Debug|x86
		Release|Any CPU = Release|Any CPU
		Release|ARM = Release|ARM
		Release|ARM64 = Release|ARM64
		Release|iPhone = Release|iPhone
		Release|iPhoneSimulator = Release|iPhoneSimulator
		Release|x64 = Release|x64
		Release|x86 = Release|x86
	EndGlobalSection
	GlobalSection(ProjectConfigurationPlatforms) = postSolution
		{41BAE23D-5110-4D17-821F-ED4441C15D57}.Debug|Any CPU.ActiveCfg = Debug|Any CPU
		{41BAE23D-5110-4D17-821F-ED4441C15D57}.Debug|Any CPU.Build.0 = Debug|Any CPU
		{41BAE23D-5110-4D17-821F-ED4441C15D57}.Debug|ARM.ActiveCfg = Debug|Any CPU
		{41BAE23D-5110-4D17-821F-ED4441C15D57}.Debug|ARM.Build.0 = Debug|Any CPU
		{41BAE23D-5110-4D17-821F-ED4441C15D57}.Debug|ARM64.ActiveCfg = Debug|Any CPU
		{41BAE23D-5110-4D17-821F-ED4441C15D57}.Debug|ARM64.Build.0 = Debug|Any CPU
		{41BAE23D-5110-4D17-821F-ED4441C15D57}.Debug|iPhone.ActiveCfg = Debug|Any CPU
		{41BAE23D-5110-4D17-821F-ED4441C15D57}.Debug|iPhone.Build.0 = Debug|Any CPU
		{41BAE23D-5110-4D17-821F-ED4441C15D57}.Debug|iPhoneSimulator.ActiveCfg = Debug|Any CPU
		{41BAE23D-5110-4D17-821F-ED4441C15D57}.Debug|iPhoneSimulator.Build.0 = Debug|Any CPU
		{41BAE23D-5110-4D17-821F-ED4441C15D57}.Debug|x64.ActiveCfg = Debug|Any CPU
		{41BAE23D-5110-4D17-821F-ED4441C15D57}.Debug|x64.Build.0 = Debug|Any CPU
		{41BAE23D-5110-4D17-821F-ED4441C15D57}.Debug|x86.ActiveCfg = Debug|Any CPU
		{41BAE23D-5110-4D17-821F-ED4441C15D57}.Debug|x86.Build.0 = Debug|Any CPU
		{41BAE23D-5110-4D17-821F-ED4441C15D57}.Release|Any CPU.ActiveCfg = Release|Any CPU
		{41BAE23D-5110-4D17-821F-ED4441C15D57}.Release|Any CPU.Build.0 = Release|Any CPU
		{41BAE23D-5110-4D17-821F-ED4441C15D57}.Release|ARM.ActiveCfg = Release|Any CPU
		{41BAE23D-5110-4D17-821F-ED4441C15D57}.Release|ARM.Build.0 = Release|Any CPU
		{41BAE23D-5110-4D17-821F-ED4441C15D57}.Release|ARM64.ActiveCfg = Release|Any CPU
		{41BAE23D-5110-4D17-821F-ED4441C15D57}.Release|ARM64.Build.0 = Release|Any CPU
		{41BAE23D-5110-4D17-821F-ED4441C15D57}.Release|iPhone.ActiveCfg = Release|Any CPU
		{41BAE23D-5110-4D17-821F-ED4441C15D57}.Release|iPhone.Build.0 = Release|Any CPU
		{41BAE23D-5110-4D17-821F-ED4441C15D57}.Release|iPhoneSimulator.ActiveCfg = Release|Any CPU
		{41BAE23D-5110-4D17-821F-ED4441C15D57}.Release|iPhoneSimulator.Build.0 = Release|Any CPU
		{41BAE23D-5110-4D17-821F-ED4441C15D57}.Release|x64.ActiveCfg = Release|Any CPU
		{41BAE23D-5110-4D17-821F-ED4441C15D57}.Release|x64.Build.0 = Release|Any CPU
		{41BAE23D-5110-4D17-821F-ED4441C15D57}.Release|x86.ActiveCfg = Release|Any CPU
		{41BAE23D-5110-4D17-821F-ED4441C15D57}.Release|x86.Build.0 = Release|Any CPU
		{119442C8-E5A4-4E4C-A082-4E1B3A53A760}.Debug|Any CPU.ActiveCfg = Debug|Any CPU
		{119442C8-E5A4-4E4C-A082-4E1B3A53A760}.Debug|Any CPU.Build.0 = Debug|Any CPU
		{119442C8-E5A4-4E4C-A082-4E1B3A53A760}.Debug|ARM.ActiveCfg = Debug|Any CPU
		{119442C8-E5A4-4E4C-A082-4E1B3A53A760}.Debug|ARM.Build.0 = Debug|Any CPU
		{119442C8-E5A4-4E4C-A082-4E1B3A53A760}.Debug|ARM64.ActiveCfg = Debug|Any CPU
		{119442C8-E5A4-4E4C-A082-4E1B3A53A760}.Debug|ARM64.Build.0 = Debug|Any CPU
		{119442C8-E5A4-4E4C-A082-4E1B3A53A760}.Debug|iPhone.ActiveCfg = Debug|Any CPU
		{119442C8-E5A4-4E4C-A082-4E1B3A53A760}.Debug|iPhone.Build.0 = Debug|Any CPU
		{119442C8-E5A4-4E4C-A082-4E1B3A53A760}.Debug|iPhoneSimulator.ActiveCfg = Debug|Any CPU
		{119442C8-E5A4-4E4C-A082-4E1B3A53A760}.Debug|iPhoneSimulator.Build.0 = Debug|Any CPU
		{119442C8-E5A4-4E4C-A082-4E1B3A53A760}.Debug|x64.ActiveCfg = Debug|Any CPU
		{119442C8-E5A4-4E4C-A082-4E1B3A53A760}.Debug|x64.Build.0 = Debug|Any CPU
		{119442C8-E5A4-4E4C-A082-4E1B3A53A760}.Debug|x86.ActiveCfg = Debug|Any CPU
		{119442C8-E5A4-4E4C-A082-4E1B3A53A760}.Debug|x86.Build.0 = Debug|Any CPU
		{119442C8-E5A4-4E4C-A082-4E1B3A53A760}.Release|Any CPU.ActiveCfg = Release|Any CPU
		{119442C8-E5A4-4E4C-A082-4E1B3A53A760}.Release|Any CPU.Build.0 = Release|Any CPU
		{119442C8-E5A4-4E4C-A082-4E1B3A53A760}.Release|ARM.ActiveCfg = Release|Any CPU
		{119442C8-E5A4-4E4C-A082-4E1B3A53A760}.Release|ARM.Build.0 = Release|Any CPU
		{119442C8-E5A4-4E4C-A082-4E1B3A53A760}.Release|ARM64.ActiveCfg = Release|Any CPU
		{119442C8-E5A4-4E4C-A082-4E1B3A53A760}.Release|ARM64.Build.0 = Release|Any CPU
		{119442C8-E5A4-4E4C-A082-4E1B3A53A760}.Release|iPhone.ActiveCfg = Release|Any CPU
		{119442C8-E5A4-4E4C-A082-4E1B3A53A760}.Release|iPhone.Build.0 = Release|Any CPU
		{119442C8-E5A4-4E4C-A082-4E1B3A53A760}.Release|iPhoneSimulator.ActiveCfg = Release|Any CPU
		{119442C8-E5A4-4E4C-A082-4E1B3A53A760}.Release|iPhoneSimulator.Build.0 = Release|Any CPU
		{119442C8-E5A4-4E4C-A082-4E1B3A53A760}.Release|x64.ActiveCfg = Release|Any CPU
		{119442C8-E5A4-4E4C-A082-4E1B3A53A760}.Release|x64.Build.0 = Release|Any CPU
		{119442C8-E5A4-4E4C-A082-4E1B3A53A760}.Release|x86.ActiveCfg = Release|Any CPU
		{119442C8-E5A4-4E4C-A082-4E1B3A53A760}.Release|x86.Build.0 = Release|Any CPU
		{8F5C8CFC-BD3B-47B8-A1CB-B5A914201231}.Debug|Any CPU.ActiveCfg = Debug|Any CPU
		{8F5C8CFC-BD3B-47B8-A1CB-B5A914201231}.Debug|Any CPU.Build.0 = Debug|Any CPU
		{8F5C8CFC-BD3B-47B8-A1CB-B5A914201231}.Debug|ARM.ActiveCfg = Debug|Any CPU
		{8F5C8CFC-BD3B-47B8-A1CB-B5A914201231}.Debug|ARM.Build.0 = Debug|Any CPU
		{8F5C8CFC-BD3B-47B8-A1CB-B5A914201231}.Debug|ARM64.ActiveCfg = Debug|Any CPU
		{8F5C8CFC-BD3B-47B8-A1CB-B5A914201231}.Debug|ARM64.Build.0 = Debug|Any CPU
		{8F5C8CFC-BD3B-47B8-A1CB-B5A914201231}.Debug|iPhone.ActiveCfg = Debug|Any CPU
		{8F5C8CFC-BD3B-47B8-A1CB-B5A914201231}.Debug|iPhone.Build.0 = Debug|Any CPU
		{8F5C8CFC-BD3B-47B8-A1CB-B5A914201231}.Debug|iPhoneSimulator.ActiveCfg = Debug|Any CPU
		{8F5C8CFC-BD3B-47B8-A1CB-B5A914201231}.Debug|iPhoneSimulator.Build.0 = Debug|Any CPU
		{8F5C8CFC-BD3B-47B8-A1CB-B5A914201231}.Debug|x64.ActiveCfg = Debug|Any CPU
		{8F5C8CFC-BD3B-47B8-A1CB-B5A914201231}.Debug|x64.Build.0 = Debug|Any CPU
		{8F5C8CFC-BD3B-47B8-A1CB-B5A914201231}.Debug|x86.ActiveCfg = Debug|Any CPU
		{8F5C8CFC-BD3B-47B8-A1CB-B5A914201231}.Debug|x86.Build.0 = Debug|Any CPU
		{8F5C8CFC-BD3B-47B8-A1CB-B5A914201231}.Release|Any CPU.ActiveCfg = Release|Any CPU
		{8F5C8CFC-BD3B-47B8-A1CB-B5A914201231}.Release|Any CPU.Build.0 = Release|Any CPU
		{8F5C8CFC-BD3B-47B8-A1CB-B5A914201231}.Release|ARM.ActiveCfg = Release|Any CPU
		{8F5C8CFC-BD3B-47B8-A1CB-B5A914201231}.Release|ARM.Build.0 = Release|Any CPU
		{8F5C8CFC-BD3B-47B8-A1CB-B5A914201231}.Release|ARM64.ActiveCfg = Release|Any CPU
		{8F5C8CFC-BD3B-47B8-A1CB-B5A914201231}.Release|ARM64.Build.0 = Release|Any CPU
		{8F5C8CFC-BD3B-47B8-A1CB-B5A914201231}.Release|iPhone.ActiveCfg = Release|Any CPU
		{8F5C8CFC-BD3B-47B8-A1CB-B5A914201231}.Release|iPhone.Build.0 = Release|Any CPU
		{8F5C8CFC-BD3B-47B8-A1CB-B5A914201231}.Release|iPhoneSimulator.ActiveCfg = Release|Any CPU
		{8F5C8CFC-BD3B-47B8-A1CB-B5A914201231}.Release|iPhoneSimulator.Build.0 = Release|Any CPU
		{8F5C8CFC-BD3B-47B8-A1CB-B5A914201231}.Release|x64.ActiveCfg = Release|Any CPU
		{8F5C8CFC-BD3B-47B8-A1CB-B5A914201231}.Release|x64.Build.0 = Release|Any CPU
		{8F5C8CFC-BD3B-47B8-A1CB-B5A914201231}.Release|x86.ActiveCfg = Release|Any CPU
		{8F5C8CFC-BD3B-47B8-A1CB-B5A914201231}.Release|x86.Build.0 = Release|Any CPU
		{8EA0077D-EB09-43FF-9F2D-C425635A3356}.Debug|Any CPU.ActiveCfg = Debug|Any CPU
		{8EA0077D-EB09-43FF-9F2D-C425635A3356}.Debug|Any CPU.Build.0 = Debug|Any CPU
		{8EA0077D-EB09-43FF-9F2D-C425635A3356}.Debug|ARM.ActiveCfg = Debug|Any CPU
		{8EA0077D-EB09-43FF-9F2D-C425635A3356}.Debug|ARM.Build.0 = Debug|Any CPU
		{8EA0077D-EB09-43FF-9F2D-C425635A3356}.Debug|ARM64.ActiveCfg = Debug|Any CPU
		{8EA0077D-EB09-43FF-9F2D-C425635A3356}.Debug|ARM64.Build.0 = Debug|Any CPU
		{8EA0077D-EB09-43FF-9F2D-C425635A3356}.Debug|iPhone.ActiveCfg = Debug|Any CPU
		{8EA0077D-EB09-43FF-9F2D-C425635A3356}.Debug|iPhone.Build.0 = Debug|Any CPU
		{8EA0077D-EB09-43FF-9F2D-C425635A3356}.Debug|iPhoneSimulator.ActiveCfg = Debug|Any CPU
		{8EA0077D-EB09-43FF-9F2D-C425635A3356}.Debug|iPhoneSimulator.Build.0 = Debug|Any CPU
		{8EA0077D-EB09-43FF-9F2D-C425635A3356}.Debug|x64.ActiveCfg = Debug|Any CPU
		{8EA0077D-EB09-43FF-9F2D-C425635A3356}.Debug|x64.Build.0 = Debug|Any CPU
		{8EA0077D-EB09-43FF-9F2D-C425635A3356}.Debug|x86.ActiveCfg = Debug|Any CPU
		{8EA0077D-EB09-43FF-9F2D-C425635A3356}.Debug|x86.Build.0 = Debug|Any CPU
		{8EA0077D-EB09-43FF-9F2D-C425635A3356}.Release|Any CPU.ActiveCfg = Release|Any CPU
		{8EA0077D-EB09-43FF-9F2D-C425635A3356}.Release|Any CPU.Build.0 = Release|Any CPU
		{8EA0077D-EB09-43FF-9F2D-C425635A3356}.Release|ARM.ActiveCfg = Release|Any CPU
		{8EA0077D-EB09-43FF-9F2D-C425635A3356}.Release|ARM.Build.0 = Release|Any CPU
		{8EA0077D-EB09-43FF-9F2D-C425635A3356}.Release|ARM64.ActiveCfg = Release|Any CPU
		{8EA0077D-EB09-43FF-9F2D-C425635A3356}.Release|ARM64.Build.0 = Release|Any CPU
		{8EA0077D-EB09-43FF-9F2D-C425635A3356}.Release|iPhone.ActiveCfg = Release|Any CPU
		{8EA0077D-EB09-43FF-9F2D-C425635A3356}.Release|iPhone.Build.0 = Release|Any CPU
		{8EA0077D-EB09-43FF-9F2D-C425635A3356}.Release|iPhoneSimulator.ActiveCfg = Release|Any CPU
		{8EA0077D-EB09-43FF-9F2D-C425635A3356}.Release|iPhoneSimulator.Build.0 = Release|Any CPU
		{8EA0077D-EB09-43FF-9F2D-C425635A3356}.Release|x64.ActiveCfg = Release|Any CPU
		{8EA0077D-EB09-43FF-9F2D-C425635A3356}.Release|x64.Build.0 = Release|Any CPU
		{8EA0077D-EB09-43FF-9F2D-C425635A3356}.Release|x86.ActiveCfg = Release|Any CPU
		{8EA0077D-EB09-43FF-9F2D-C425635A3356}.Release|x86.Build.0 = Release|Any CPU
		{9BE547BF-E9A2-4761-96F6-F5126961AD81}.Debug|Any CPU.ActiveCfg = Debug|Any CPU
		{9BE547BF-E9A2-4761-96F6-F5126961AD81}.Debug|Any CPU.Build.0 = Debug|Any CPU
		{9BE547BF-E9A2-4761-96F6-F5126961AD81}.Debug|ARM.ActiveCfg = Debug|Any CPU
		{9BE547BF-E9A2-4761-96F6-F5126961AD81}.Debug|ARM.Build.0 = Debug|Any CPU
		{9BE547BF-E9A2-4761-96F6-F5126961AD81}.Debug|ARM64.ActiveCfg = Debug|Any CPU
		{9BE547BF-E9A2-4761-96F6-F5126961AD81}.Debug|ARM64.Build.0 = Debug|Any CPU
		{9BE547BF-E9A2-4761-96F6-F5126961AD81}.Debug|iPhone.ActiveCfg = Debug|Any CPU
		{9BE547BF-E9A2-4761-96F6-F5126961AD81}.Debug|iPhone.Build.0 = Debug|Any CPU
		{9BE547BF-E9A2-4761-96F6-F5126961AD81}.Debug|iPhoneSimulator.ActiveCfg = Debug|Any CPU
		{9BE547BF-E9A2-4761-96F6-F5126961AD81}.Debug|iPhoneSimulator.Build.0 = Debug|Any CPU
		{9BE547BF-E9A2-4761-96F6-F5126961AD81}.Debug|x64.ActiveCfg = Debug|Any CPU
		{9BE547BF-E9A2-4761-96F6-F5126961AD81}.Debug|x64.Build.0 = Debug|Any CPU
		{9BE547BF-E9A2-4761-96F6-F5126961AD81}.Debug|x86.ActiveCfg = Debug|Any CPU
		{9BE547BF-E9A2-4761-96F6-F5126961AD81}.Debug|x86.Build.0 = Debug|Any CPU
		{9BE547BF-E9A2-4761-96F6-F5126961AD81}.Release|Any CPU.ActiveCfg = Release|Any CPU
		{9BE547BF-E9A2-4761-96F6-F5126961AD81}.Release|Any CPU.Build.0 = Release|Any CPU
		{9BE547BF-E9A2-4761-96F6-F5126961AD81}.Release|ARM.ActiveCfg = Release|Any CPU
		{9BE547BF-E9A2-4761-96F6-F5126961AD81}.Release|ARM.Build.0 = Release|Any CPU
		{9BE547BF-E9A2-4761-96F6-F5126961AD81}.Release|ARM64.ActiveCfg = Release|Any CPU
		{9BE547BF-E9A2-4761-96F6-F5126961AD81}.Release|ARM64.Build.0 = Release|Any CPU
		{9BE547BF-E9A2-4761-96F6-F5126961AD81}.Release|iPhone.ActiveCfg = Release|Any CPU
		{9BE547BF-E9A2-4761-96F6-F5126961AD81}.Release|iPhone.Build.0 = Release|Any CPU
		{9BE547BF-E9A2-4761-96F6-F5126961AD81}.Release|iPhoneSimulator.ActiveCfg = Release|Any CPU
		{9BE547BF-E9A2-4761-96F6-F5126961AD81}.Release|iPhoneSimulator.Build.0 = Release|Any CPU
		{9BE547BF-E9A2-4761-96F6-F5126961AD81}.Release|x64.ActiveCfg = Release|Any CPU
		{9BE547BF-E9A2-4761-96F6-F5126961AD81}.Release|x64.Build.0 = Release|Any CPU
		{9BE547BF-E9A2-4761-96F6-F5126961AD81}.Release|x86.ActiveCfg = Release|Any CPU
		{9BE547BF-E9A2-4761-96F6-F5126961AD81}.Release|x86.Build.0 = Release|Any CPU
		{F6FF0990-AC39-4926-9DE4-AB0821357F1C}.Debug|Any CPU.ActiveCfg = Debug|Any CPU
		{F6FF0990-AC39-4926-9DE4-AB0821357F1C}.Debug|Any CPU.Build.0 = Debug|Any CPU
		{F6FF0990-AC39-4926-9DE4-AB0821357F1C}.Debug|Any CPU.Deploy.0 = Debug|Any CPU
		{F6FF0990-AC39-4926-9DE4-AB0821357F1C}.Debug|ARM.ActiveCfg = Debug|Any CPU
		{F6FF0990-AC39-4926-9DE4-AB0821357F1C}.Debug|ARM.Build.0 = Debug|Any CPU
		{F6FF0990-AC39-4926-9DE4-AB0821357F1C}.Debug|ARM.Deploy.0 = Debug|Any CPU
		{F6FF0990-AC39-4926-9DE4-AB0821357F1C}.Debug|ARM64.ActiveCfg = Debug|Any CPU
		{F6FF0990-AC39-4926-9DE4-AB0821357F1C}.Debug|ARM64.Build.0 = Debug|Any CPU
		{F6FF0990-AC39-4926-9DE4-AB0821357F1C}.Debug|ARM64.Deploy.0 = Debug|Any CPU
		{F6FF0990-AC39-4926-9DE4-AB0821357F1C}.Debug|iPhone.ActiveCfg = Debug|Any CPU
		{F6FF0990-AC39-4926-9DE4-AB0821357F1C}.Debug|iPhone.Build.0 = Debug|Any CPU
		{F6FF0990-AC39-4926-9DE4-AB0821357F1C}.Debug|iPhone.Deploy.0 = Debug|Any CPU
		{F6FF0990-AC39-4926-9DE4-AB0821357F1C}.Debug|iPhoneSimulator.ActiveCfg = Debug|Any CPU
		{F6FF0990-AC39-4926-9DE4-AB0821357F1C}.Debug|iPhoneSimulator.Build.0 = Debug|Any CPU
		{F6FF0990-AC39-4926-9DE4-AB0821357F1C}.Debug|iPhoneSimulator.Deploy.0 = Debug|Any CPU
		{F6FF0990-AC39-4926-9DE4-AB0821357F1C}.Debug|x64.ActiveCfg = Debug|Any CPU
		{F6FF0990-AC39-4926-9DE4-AB0821357F1C}.Debug|x64.Build.0 = Debug|Any CPU
		{F6FF0990-AC39-4926-9DE4-AB0821357F1C}.Debug|x64.Deploy.0 = Debug|Any CPU
		{F6FF0990-AC39-4926-9DE4-AB0821357F1C}.Debug|x86.ActiveCfg = Debug|Any CPU
		{F6FF0990-AC39-4926-9DE4-AB0821357F1C}.Debug|x86.Build.0 = Debug|Any CPU
		{F6FF0990-AC39-4926-9DE4-AB0821357F1C}.Debug|x86.Deploy.0 = Debug|Any CPU
		{F6FF0990-AC39-4926-9DE4-AB0821357F1C}.Release|Any CPU.ActiveCfg = Release|Any CPU
		{F6FF0990-AC39-4926-9DE4-AB0821357F1C}.Release|Any CPU.Build.0 = Release|Any CPU
		{F6FF0990-AC39-4926-9DE4-AB0821357F1C}.Release|Any CPU.Deploy.0 = Release|Any CPU
		{F6FF0990-AC39-4926-9DE4-AB0821357F1C}.Release|ARM.ActiveCfg = Release|Any CPU
		{F6FF0990-AC39-4926-9DE4-AB0821357F1C}.Release|ARM.Build.0 = Release|Any CPU
		{F6FF0990-AC39-4926-9DE4-AB0821357F1C}.Release|ARM.Deploy.0 = Release|Any CPU
		{F6FF0990-AC39-4926-9DE4-AB0821357F1C}.Release|ARM64.ActiveCfg = Release|Any CPU
		{F6FF0990-AC39-4926-9DE4-AB0821357F1C}.Release|ARM64.Build.0 = Release|Any CPU
		{F6FF0990-AC39-4926-9DE4-AB0821357F1C}.Release|ARM64.Deploy.0 = Release|Any CPU
		{F6FF0990-AC39-4926-9DE4-AB0821357F1C}.Release|iPhone.ActiveCfg = Release|Any CPU
		{F6FF0990-AC39-4926-9DE4-AB0821357F1C}.Release|iPhone.Build.0 = Release|Any CPU
		{F6FF0990-AC39-4926-9DE4-AB0821357F1C}.Release|iPhone.Deploy.0 = Release|Any CPU
		{F6FF0990-AC39-4926-9DE4-AB0821357F1C}.Release|iPhoneSimulator.ActiveCfg = Release|Any CPU
		{F6FF0990-AC39-4926-9DE4-AB0821357F1C}.Release|iPhoneSimulator.Build.0 = Release|Any CPU
		{F6FF0990-AC39-4926-9DE4-AB0821357F1C}.Release|iPhoneSimulator.Deploy.0 = Release|Any CPU
		{F6FF0990-AC39-4926-9DE4-AB0821357F1C}.Release|x64.ActiveCfg = Release|Any CPU
		{F6FF0990-AC39-4926-9DE4-AB0821357F1C}.Release|x64.Build.0 = Release|Any CPU
		{F6FF0990-AC39-4926-9DE4-AB0821357F1C}.Release|x64.Deploy.0 = Release|Any CPU
		{F6FF0990-AC39-4926-9DE4-AB0821357F1C}.Release|x86.ActiveCfg = Release|Any CPU
		{F6FF0990-AC39-4926-9DE4-AB0821357F1C}.Release|x86.Build.0 = Release|Any CPU
		{F6FF0990-AC39-4926-9DE4-AB0821357F1C}.Release|x86.Deploy.0 = Release|Any CPU
	EndGlobalSection
	GlobalSection(SolutionProperties) = preSolution
		HideSolutionNode = FALSE
	EndGlobalSection
	GlobalSection(NestedProjects) = preSolution
		{41BAE23D-5110-4D17-821F-ED4441C15D57} = {30FFEFE1-B1C2-4CD1-8B1F-FCC816DCFD1B}
		{119442C8-E5A4-4E4C-A082-4E1B3A53A760} = {7998922B-A147-41A0-89FA-353BC461147F}
		{8F5C8CFC-BD3B-47B8-A1CB-B5A914201231} = {F5C0AA9E-608D-4E84-9450-ECC7A3F2B8F5}
		{8EA0077D-EB09-43FF-9F2D-C425635A3356} = {F5C0AA9E-608D-4E84-9450-ECC7A3F2B8F5}
		{9BE547BF-E9A2-4761-96F6-F5126961AD81} = {F5C0AA9E-608D-4E84-9450-ECC7A3F2B8F5}
		{F6FF0990-AC39-4926-9DE4-AB0821357F1C} = {58C809B2-8FF5-46A6-8E67-8C8F71B5CBB0}
	EndGlobalSection
	GlobalSection(ExtensibilityGlobals) = postSolution
		SolutionGuid = {02228B81-1A7D-4AB1-AFCB-9486665C1BCB}
	EndGlobalSection
EndGlobal
